// !$*UTF8*$!
{
	archiveVersion = 1;
	classes = {
	};
	objectVersion = 56;
	objects = {

/* Begin PBXBuildFile section */
		E41A59CB2A855432001D33B3 /* City.swift in Sources */ = {isa = PBXBuildFile; fileRef = E41A59CA2A855432001D33B3 /* City.swift */; };
		E4FF10DA2A84DCE300A33FF9 /* AppDelegate.swift in Sources */ = {isa = PBXBuildFile; fileRef = E4FF10D92A84DCE300A33FF9 /* AppDelegate.swift */; };
		E4FF10DC2A84DCE300A33FF9 /* SceneDelegate.swift in Sources */ = {isa = PBXBuildFile; fileRef = E4FF10DB2A84DCE300A33FF9 /* SceneDelegate.swift */; };
		E4FF10E32A84DCE500A33FF9 /* Assets.xcassets in Resources */ = {isa = PBXBuildFile; fileRef = E4FF10E22A84DCE500A33FF9 /* Assets.xcassets */; };
		E4FF10E62A84DCE500A33FF9 /* LaunchScreen.storyboard in Resources */ = {isa = PBXBuildFile; fileRef = E4FF10E42A84DCE500A33FF9 /* LaunchScreen.storyboard */; };
		E4FF10EF2A84DF5D00A33FF9 /* MainViewController.swift in Sources */ = {isa = PBXBuildFile; fileRef = E4FF10EE2A84DF5D00A33FF9 /* MainViewController.swift */; };
		E4FF10F42A84E1A000A33FF9 /* MainViewModel.swift in Sources */ = {isa = PBXBuildFile; fileRef = E4FF10F32A84E1A000A33FF9 /* MainViewModel.swift */; };
		E4FF10F82A84E49700A33FF9 /* CityWeather.swift in Sources */ = {isa = PBXBuildFile; fileRef = E4FF10F72A84E49700A33FF9 /* CityWeather.swift */; };
		E4FF10FB2A84E87200A33FF9 /* SearchCell.swift in Sources */ = {isa = PBXBuildFile; fileRef = E4FF10FA2A84E87200A33FF9 /* SearchCell.swift */; };
		E4FF10FD2A84E89200A33FF9 /* CityCell.swift in Sources */ = {isa = PBXBuildFile; fileRef = E4FF10FC2A84E89200A33FF9 /* CityCell.swift */; };
		E4FF10FF2A850F5E00A33FF9 /* NetworkManager.swift in Sources */ = {isa = PBXBuildFile; fileRef = E4FF10FE2A850F5E00A33FF9 /* NetworkManager.swift */; };
		E4FF11022A85105100A33FF9 /* Alamofire in Frameworks */ = {isa = PBXBuildFile; productRef = E4FF11012A85105100A33FF9 /* Alamofire */; };
/* End PBXBuildFile section */

/* Begin PBXFileReference section */
		E41A59CA2A855432001D33B3 /* City.swift */ = {isa = PBXFileReference; lastKnownFileType = sourcecode.swift; path = City.swift; sourceTree = "<group>"; };
		E4FF10D62A84DCE300A33FF9 /* YandexWeather.app */ = {isa = PBXFileReference; explicitFileType = wrapper.application; includeInIndex = 0; path = YandexWeather.app; sourceTree = BUILT_PRODUCTS_DIR; };
		E4FF10D92A84DCE300A33FF9 /* AppDelegate.swift */ = {isa = PBXFileReference; lastKnownFileType = sourcecode.swift; path = AppDelegate.swift; sourceTree = "<group>"; };
		E4FF10DB2A84DCE300A33FF9 /* SceneDelegate.swift */ = {isa = PBXFileReference; lastKnownFileType = sourcecode.swift; path = SceneDelegate.swift; sourceTree = "<group>"; };
		E4FF10E22A84DCE500A33FF9 /* Assets.xcassets */ = {isa = PBXFileReference; lastKnownFileType = folder.assetcatalog; path = Assets.xcassets; sourceTree = "<group>"; };
		E4FF10E52A84DCE500A33FF9 /* Base */ = {isa = PBXFileReference; lastKnownFileType = file.storyboard; name = Base; path = Base.lproj/LaunchScreen.storyboard; sourceTree = "<group>"; };
		E4FF10E72A84DCE500A33FF9 /* Info.plist */ = {isa = PBXFileReference; lastKnownFileType = text.plist.xml; path = Info.plist; sourceTree = "<group>"; };
		E4FF10EE2A84DF5D00A33FF9 /* MainViewController.swift */ = {isa = PBXFileReference; lastKnownFileType = sourcecode.swift; path = MainViewController.swift; sourceTree = "<group>"; };
		E4FF10F32A84E1A000A33FF9 /* MainViewModel.swift */ = {isa = PBXFileReference; lastKnownFileType = sourcecode.swift; path = MainViewModel.swift; sourceTree = "<group>"; };
		E4FF10F72A84E49700A33FF9 /* CityWeather.swift */ = {isa = PBXFileReference; lastKnownFileType = sourcecode.swift; path = CityWeather.swift; sourceTree = "<group>"; };
		E4FF10FA2A84E87200A33FF9 /* SearchCell.swift */ = {isa = PBXFileReference; lastKnownFileType = sourcecode.swift; path = SearchCell.swift; sourceTree = "<group>"; };
		E4FF10FC2A84E89200A33FF9 /* CityCell.swift */ = {isa = PBXFileReference; lastKnownFileType = sourcecode.swift; path = CityCell.swift; sourceTree = "<group>"; };
		E4FF10FE2A850F5E00A33FF9 /* NetworkManager.swift */ = {isa = PBXFileReference; lastKnownFileType = sourcecode.swift; path = NetworkManager.swift; sourceTree = "<group>"; };
/* End PBXFileReference section */

/* Begin PBXFrameworksBuildPhase section */
		E4FF10D32A84DCE300A33FF9 /* Frameworks */ = {
			isa = PBXFrameworksBuildPhase;
			buildActionMask = 2147483647;
			files = (
				E4FF11022A85105100A33FF9 /* Alamofire in Frameworks */,
			);
			runOnlyForDeploymentPostprocessing = 0;
		};
/* End PBXFrameworksBuildPhase section */

/* Begin PBXGroup section */
		E4FF10CD2A84DCE200A33FF9 = {
			isa = PBXGroup;
			children = (
				E4FF10D82A84DCE300A33FF9 /* YandexWeather */,
				E4FF10D72A84DCE300A33FF9 /* Products */,
			);
			sourceTree = "<group>";
		};
		E4FF10D72A84DCE300A33FF9 /* Products */ = {
			isa = PBXGroup;
			children = (
				E4FF10D62A84DCE300A33FF9 /* YandexWeather.app */,
			);
			name = Products;
			sourceTree = "<group>";
		};
		E4FF10D82A84DCE300A33FF9 /* YandexWeather */ = {
			isa = PBXGroup;
			children = (
				E4FF10ED2A84DEB400A33FF9 /* App */,
				E4FF10F02A84E0A500A33FF9 /* Main */,
				E4FF10F92A84E83900A33FF9 /* Cells */,
				E4FF10F52A84E46F00A33FF9 /* Models */,
				E4FF10F62A84E47700A33FF9 /* Services */,
				E4FF10F22A84E0C200A33FF9 /* Storyboards */,
				E4FF10F12A84E0B700A33FF9 /* Resources */,
			);
			path = YandexWeather;
			sourceTree = "<group>";
		};
		E4FF10ED2A84DEB400A33FF9 /* App */ = {
			isa = PBXGroup;
			children = (
				E4FF10D92A84DCE300A33FF9 /* AppDelegate.swift */,
				E4FF10DB2A84DCE300A33FF9 /* SceneDelegate.swift */,
				E4FF10E72A84DCE500A33FF9 /* Info.plist */,
			);
			path = App;
			sourceTree = "<group>";
		};
		E4FF10F02A84E0A500A33FF9 /* Main */ = {
			isa = PBXGroup;
			children = (
				E4FF10EE2A84DF5D00A33FF9 /* MainViewController.swift */,
				E4FF10F32A84E1A000A33FF9 /* MainViewModel.swift */,
			);
			path = Main;
			sourceTree = "<group>";
		};
		E4FF10F12A84E0B700A33FF9 /* Resources */ = {
			isa = PBXGroup;
			children = (
				E4FF10E22A84DCE500A33FF9 /* Assets.xcassets */,
			);
			path = Resources;
			sourceTree = "<group>";
		};
		E4FF10F22A84E0C200A33FF9 /* Storyboards */ = {
			isa = PBXGroup;
			children = (
				E4FF10E42A84DCE500A33FF9 /* LaunchScreen.storyboard */,
			);
			path = Storyboards;
			sourceTree = "<group>";
		};
		E4FF10F52A84E46F00A33FF9 /* Models */ = {
			isa = PBXGroup;
			children = (
				E41A59CA2A855432001D33B3 /* City.swift */,
				E4FF10F72A84E49700A33FF9 /* CityWeather.swift */,
			);
			path = Models;
			sourceTree = "<group>";
		};
		E4FF10F62A84E47700A33FF9 /* Services */ = {
			isa = PBXGroup;
			children = (
				E4FF10FE2A850F5E00A33FF9 /* NetworkManager.swift */,
			);
			path = Services;
			sourceTree = "<group>";
		};
		E4FF10F92A84E83900A33FF9 /* Cells */ = {
			isa = PBXGroup;
			children = (
				E4FF10FA2A84E87200A33FF9 /* SearchCell.swift */,
				E4FF10FC2A84E89200A33FF9 /* CityCell.swift */,
			);
			path = Cells;
			sourceTree = "<group>";
		};
/* End PBXGroup section */

/* Begin PBXNativeTarget section */
		E4FF10D52A84DCE300A33FF9 /* YandexWeather */ = {
			isa = PBXNativeTarget;
			buildConfigurationList = E4FF10EA2A84DCE500A33FF9 /* Build configuration list for PBXNativeTarget "YandexWeather" */;
			buildPhases = (
				E4FF10D22A84DCE300A33FF9 /* Sources */,
				E4FF10D32A84DCE300A33FF9 /* Frameworks */,
				E4FF10D42A84DCE300A33FF9 /* Resources */,
			);
			buildRules = (
			);
			dependencies = (
			);
			name = YandexWeather;
			packageProductDependencies = (
				E4FF11012A85105100A33FF9 /* Alamofire */,
			);
			productName = YandexWeather;
			productReference = E4FF10D62A84DCE300A33FF9 /* YandexWeather.app */;
			productType = "com.apple.product-type.application";
		};
/* End PBXNativeTarget section */

/* Begin PBXProject section */
		E4FF10CE2A84DCE200A33FF9 /* Project object */ = {
			isa = PBXProject;
			attributes = {
				BuildIndependentTargetsInParallel = 1;
				LastSwiftUpdateCheck = 1430;
				LastUpgradeCheck = 1430;
				TargetAttributes = {
					E4FF10D52A84DCE300A33FF9 = {
						CreatedOnToolsVersion = 14.3.1;
					};
				};
			};
			buildConfigurationList = E4FF10D12A84DCE200A33FF9 /* Build configuration list for PBXProject "YandexWeather" */;
			compatibilityVersion = "Xcode 14.0";
			developmentRegion = en;
			hasScannedForEncodings = 0;
			knownRegions = (
				en,
				Base,
			);
			mainGroup = E4FF10CD2A84DCE200A33FF9;
			packageReferences = (
				E4FF11002A85105100A33FF9 /* XCRemoteSwiftPackageReference "Alamofire" */,
			);
			productRefGroup = E4FF10D72A84DCE300A33FF9 /* Products */;
			projectDirPath = "";
			projectRoot = "";
			targets = (
				E4FF10D52A84DCE300A33FF9 /* YandexWeather */,
			);
		};
/* End PBXProject section */

/* Begin PBXResourcesBuildPhase section */
		E4FF10D42A84DCE300A33FF9 /* Resources */ = {
			isa = PBXResourcesBuildPhase;
			buildActionMask = 2147483647;
			files = (
				E4FF10E62A84DCE500A33FF9 /* LaunchScreen.storyboard in Resources */,
				E4FF10E32A84DCE500A33FF9 /* Assets.xcassets in Resources */,
			);
			runOnlyForDeploymentPostprocessing = 0;
		};
/* End PBXResourcesBuildPhase section */

/* Begin PBXSourcesBuildPhase section */
		E4FF10D22A84DCE300A33FF9 /* Sources */ = {
			isa = PBXSourcesBuildPhase;
			buildActionMask = 2147483647;
			files = (
				E4FF10DA2A84DCE300A33FF9 /* AppDelegate.swift in Sources */,
				E4FF10FB2A84E87200A33FF9 /* SearchCell.swift in Sources */,
				E41A59CB2A855432001D33B3 /* City.swift in Sources */,
				E4FF10F82A84E49700A33FF9 /* CityWeather.swift in Sources */,
				E4FF10DC2A84DCE300A33FF9 /* SceneDelegate.swift in Sources */,
				E4FF10FF2A850F5E00A33FF9 /* NetworkManager.swift in Sources */,
				E4FF10EF2A84DF5D00A33FF9 /* MainViewController.swift in Sources */,
				E4FF10FD2A84E89200A33FF9 /* CityCell.swift in Sources */,
				E4FF10F42A84E1A000A33FF9 /* MainViewModel.swift in Sources */,
			);
			runOnlyForDeploymentPostprocessing = 0;
		};
/* End PBXSourcesBuildPhase section */

/* Begin PBXVariantGroup section */
		E4FF10E42A84DCE500A33FF9 /* LaunchScreen.storyboard */ = {
			isa = PBXVariantGroup;
			children = (
				E4FF10E52A84DCE500A33FF9 /* Base */,
			);
			name = LaunchScreen.storyboard;
			sourceTree = "<group>";
		};
/* End PBXVariantGroup section */

/* Begin XCBuildConfiguration section */
		E4FF10E82A84DCE500A33FF9 /* Debug */ = {
			isa = XCBuildConfiguration;
			buildSettings = {
				ALWAYS_SEARCH_USER_PATHS = NO;
				CLANG_ANALYZER_NONNULL = YES;
				CLANG_ANALYZER_NUMBER_OBJECT_CONVERSION = YES_AGGRESSIVE;
				CLANG_CXX_LANGUAGE_STANDARD = "gnu++20";
				CLANG_ENABLE_MODULES = YES;
				CLANG_ENABLE_OBJC_ARC = YES;
				CLANG_ENABLE_OBJC_WEAK = YES;
				CLANG_WARN_BLOCK_CAPTURE_AUTORELEASING = YES;
				CLANG_WARN_BOOL_CONVERSION = YES;
				CLANG_WARN_COMMA = YES;
				CLANG_WARN_CONSTANT_CONVERSION = YES;
				CLANG_WARN_DEPRECATED_OBJC_IMPLEMENTATIONS = YES;
				CLANG_WARN_DIRECT_OBJC_ISA_USAGE = YES_ERROR;
				CLANG_WARN_DOCUMENTATION_COMMENTS = YES;
				CLANG_WARN_EMPTY_BODY = YES;
				CLANG_WARN_ENUM_CONVERSION = YES;
				CLANG_WARN_INFINITE_RECURSION = YES;
				CLANG_WARN_INT_CONVERSION = YES;
				CLANG_WARN_NON_LITERAL_NULL_CONVERSION = YES;
				CLANG_WARN_OBJC_IMPLICIT_RETAIN_SELF = YES;
				CLANG_WARN_OBJC_LITERAL_CONVERSION = YES;
				CLANG_WARN_OBJC_ROOT_CLASS = YES_ERROR;
				CLANG_WARN_QUOTED_INCLUDE_IN_FRAMEWORK_HEADER = YES;
				CLANG_WARN_RANGE_LOOP_ANALYSIS = YES;
				CLANG_WARN_STRICT_PROTOTYPES = YES;
				CLANG_WARN_SUSPICIOUS_MOVE = YES;
				CLANG_WARN_UNGUARDED_AVAILABILITY = YES_AGGRESSIVE;
				CLANG_WARN_UNREACHABLE_CODE = YES;
				CLANG_WARN__DUPLICATE_METHOD_MATCH = YES;
				COPY_PHASE_STRIP = NO;
				DEBUG_INFORMATION_FORMAT = dwarf;
				ENABLE_STRICT_OBJC_MSGSEND = YES;
				ENABLE_TESTABILITY = YES;
				GCC_C_LANGUAGE_STANDARD = gnu11;
				GCC_DYNAMIC_NO_PIC = NO;
				GCC_NO_COMMON_BLOCKS = YES;
				GCC_OPTIMIZATION_LEVEL = 0;
				GCC_PREPROCESSOR_DEFINITIONS = (
					"DEBUG=1",
					"$(inherited)",
				);
				GCC_WARN_64_TO_32_BIT_CONVERSION = YES;
				GCC_WARN_ABOUT_RETURN_TYPE = YES_ERROR;
				GCC_WARN_UNDECLARED_SELECTOR = YES;
				GCC_WARN_UNINITIALIZED_AUTOS = YES_AGGRESSIVE;
				GCC_WARN_UNUSED_FUNCTION = YES;
				GCC_WARN_UNUSED_VARIABLE = YES;
				IPHONEOS_DEPLOYMENT_TARGET = 15.0;
				MTL_ENABLE_DEBUG_INFO = INCLUDE_SOURCE;
				MTL_FAST_MATH = YES;
				ONLY_ACTIVE_ARCH = YES;
				SDKROOT = iphoneos;
				SWIFT_ACTIVE_COMPILATION_CONDITIONS = DEBUG;
				SWIFT_OPTIMIZATION_LEVEL = "-Onone";
			};
			name = Debug;
		};
		E4FF10E92A84DCE500A33FF9 /* Release */ = {
			isa = XCBuildConfiguration;
			buildSettings = {
				ALWAYS_SEARCH_USER_PATHS = NO;
				CLANG_ANALYZER_NONNULL = YES;
				CLANG_ANALYZER_NUMBER_OBJECT_CONVERSION = YES_AGGRESSIVE;
				CLANG_CXX_LANGUAGE_STANDARD = "gnu++20";
				CLANG_ENABLE_MODULES = YES;
				CLANG_ENABLE_OBJC_ARC = YES;
				CLANG_ENABLE_OBJC_WEAK = YES;
				CLANG_WARN_BLOCK_CAPTURE_AUTORELEASING = YES;
				CLANG_WARN_BOOL_CONVERSION = YES;
				CLANG_WARN_COMMA = YES;
				CLANG_WARN_CONSTANT_CONVERSION = YES;
				CLANG_WARN_DEPRECATED_OBJC_IMPLEMENTATIONS = YES;
				CLANG_WARN_DIRECT_OBJC_ISA_USAGE = YES_ERROR;
				CLANG_WARN_DOCUMENTATION_COMMENTS = YES;
				CLANG_WARN_EMPTY_BODY = YES;
				CLANG_WARN_ENUM_CONVERSION = YES;
				CLANG_WARN_INFINITE_RECURSION = YES;
				CLANG_WARN_INT_CONVERSION = YES;
				CLANG_WARN_NON_LITERAL_NULL_CONVERSION = YES;
				CLANG_WARN_OBJC_IMPLICIT_RETAIN_SELF = YES;
				CLANG_WARN_OBJC_LITERAL_CONVERSION = YES;
				CLANG_WARN_OBJC_ROOT_CLASS = YES_ERROR;
				CLANG_WARN_QUOTED_INCLUDE_IN_FRAMEWORK_HEADER = YES;
				CLANG_WARN_RANGE_LOOP_ANALYSIS = YES;
				CLANG_WARN_STRICT_PROTOTYPES = YES;
				CLANG_WARN_SUSPICIOUS_MOVE = YES;
				CLANG_WARN_UNGUARDED_AVAILABILITY = YES_AGGRESSIVE;
				CLANG_WARN_UNREACHABLE_CODE = YES;
				CLANG_WARN__DUPLICATE_METHOD_MATCH = YES;
				COPY_PHASE_STRIP = NO;
				DEBUG_INFORMATION_FORMAT = "dwarf-with-dsym";
				ENABLE_NS_ASSERTIONS = NO;
				ENABLE_STRICT_OBJC_MSGSEND = YES;
				GCC_C_LANGUAGE_STANDARD = gnu11;
				GCC_NO_COMMON_BLOCKS = YES;
				GCC_WARN_64_TO_32_BIT_CONVERSION = YES;
				GCC_WARN_ABOUT_RETURN_TYPE = YES_ERROR;
				GCC_WARN_UNDECLARED_SELECTOR = YES;
				GCC_WARN_UNINITIALIZED_AUTOS = YES_AGGRESSIVE;
				GCC_WARN_UNUSED_FUNCTION = YES;
				GCC_WARN_UNUSED_VARIABLE = YES;
				IPHONEOS_DEPLOYMENT_TARGET = 15.0;
				MTL_ENABLE_DEBUG_INFO = NO;
				MTL_FAST_MATH = YES;
				SDKROOT = iphoneos;
				SWIFT_COMPILATION_MODE = wholemodule;
				SWIFT_OPTIMIZATION_LEVEL = "-O";
				VALIDATE_PRODUCT = YES;
			};
			name = Release;
		};
		E4FF10EB2A84DCE500A33FF9 /* Debug */ = {
			isa = XCBuildConfiguration;
			buildSettings = {
				ASSETCATALOG_COMPILER_APPICON_NAME = AppIcon;
				ASSETCATALOG_COMPILER_GLOBAL_ACCENT_COLOR_NAME = AccentColor;
				CODE_SIGN_STYLE = Automatic;
				CURRENT_PROJECT_VERSION = 1;
				DEVELOPMENT_TEAM = X7QDNJU74Z;
				GENERATE_INFOPLIST_FILE = YES;
				INFOPLIST_FILE = YandexWeather/App/Info.plist;
				INFOPLIST_KEY_UIApplicationSupportsIndirectInputEvents = YES;
				INFOPLIST_KEY_UILaunchStoryboardName = LaunchScreen;
				INFOPLIST_KEY_UISupportedInterfaceOrientations = UIInterfaceOrientationPortrait;
				INFOPLIST_KEY_UISupportedInterfaceOrientations_iPad = "UIInterfaceOrientationLandscapeLeft UIInterfaceOrientationLandscapeRight UIInterfaceOrientationPortrait UIInterfaceOrientationPortraitUpsideDown";
				IPHONEOS_DEPLOYMENT_TARGET = 15.0;
				LD_RUNPATH_SEARCH_PATHS = (
					"$(inherited)",
					"@executable_path/Frameworks",
				);
				MARKETING_VERSION = 1.0;
				PRODUCT_BUNDLE_IDENTIFIER = "Ruslan-Shigapov.YandexWeather";
				PRODUCT_NAME = "$(TARGET_NAME)";
				SUPPORTED_PLATFORMS = "iphoneos iphonesimulator";
				SUPPORTS_MACCATALYST = NO;
				SUPPORTS_MAC_DESIGNED_FOR_IPHONE_IPAD = NO;
				SWIFT_EMIT_LOC_STRINGS = YES;
				SWIFT_VERSION = 5.0;
				TARGETED_DEVICE_FAMILY = 1;
			};
			name = Debug;
		};
		E4FF10EC2A84DCE500A33FF9 /* Release */ = {
			isa = XCBuildConfiguration;
			buildSettings = {
				ASSETCATALOG_COMPILER_APPICON_NAME = AppIcon;
				ASSETCATALOG_COMPILER_GLOBAL_ACCENT_COLOR_NAME = AccentColor;
				CODE_SIGN_STYLE = Automatic;
				CURRENT_PROJECT_VERSION = 1;
				DEVELOPMENT_TEAM = X7QDNJU74Z;
				GENERATE_INFOPLIST_FILE = YES;
				INFOPLIST_FILE = YandexWeather/App/Info.plist;
				INFOPLIST_KEY_UIApplicationSupportsIndirectInputEvents = YES;
				INFOPLIST_KEY_UILaunchStoryboardName = LaunchScreen;
				INFOPLIST_KEY_UISupportedInterfaceOrientations = UIInterfaceOrientationPortrait;
				INFOPLIST_KEY_UISupportedInterfaceOrientations_iPad = "UIInterfaceOrientationLandscapeLeft UIInterfaceOrientationLandscapeRight UIInterfaceOrientationPortrait UIInterfaceOrientationPortraitUpsideDown";
				IPHONEOS_DEPLOYMENT_TARGET = 15.0;
				LD_RUNPATH_SEARCH_PATHS = (
					"$(inherited)",
					"@executable_path/Frameworks",
				);
				MARKETING_VERSION = 1.0;
				PRODUCT_BUNDLE_IDENTIFIER = "Ruslan-Shigapov.YandexWeather";
				PRODUCT_NAME = "$(TARGET_NAME)";
				SUPPORTED_PLATFORMS = "iphoneos iphonesimulator";
				SUPPORTS_MACCATALYST = NO;
				SUPPORTS_MAC_DESIGNED_FOR_IPHONE_IPAD = NO;
				SWIFT_EMIT_LOC_STRINGS = YES;
				SWIFT_VERSION = 5.0;
				TARGETED_DEVICE_FAMILY = 1;
			};
			name = Release;
		};
/* End XCBuildConfiguration section */

/* Begin XCConfigurationList section */
		E4FF10D12A84DCE200A33FF9 /* Build configuration list for PBXProject "YandexWeather" */ = {
			isa = XCConfigurationList;
			buildConfigurations = (
				E4FF10E82A84DCE500A33FF9 /* Debug */,
				E4FF10E92A84DCE500A33FF9 /* Release */,
			);
			defaultConfigurationIsVisible = 0;
			defaultConfigurationName = Release;
		};
		E4FF10EA2A84DCE500A33FF9 /* Build configuration list for PBXNativeTarget "YandexWeather" */ = {
			isa = XCConfigurationList;
			buildConfigurations = (
				E4FF10EB2A84DCE500A33FF9 /* Debug */,
				E4FF10EC2A84DCE500A33FF9 /* Release */,
			);
			defaultConfigurationIsVisible = 0;
			defaultConfigurationName = Release;
		};
/* End XCConfigurationList section */

/* Begin XCRemoteSwiftPackageReference section */
		E4FF11002A85105100A33FF9 /* XCRemoteSwiftPackageReference "Alamofire" */ = {
			isa = XCRemoteSwiftPackageReference;
			repositoryURL = "https://github.com/Alamofire/Alamofire.git";
			requirement = {
				kind = upToNextMajorVersion;
				minimumVersion = 5.0.0;
			};
		};
/* End XCRemoteSwiftPackageReference section */

/* Begin XCSwiftPackageProductDependency section */
		E4FF11012A85105100A33FF9 /* Alamofire */ = {
			isa = XCSwiftPackageProductDependency;
			package = E4FF11002A85105100A33FF9 /* XCRemoteSwiftPackageReference "Alamofire" */;
			productName = Alamofire;
		};
/* End XCSwiftPackageProductDependency section */
	};
	rootObject = E4FF10CE2A84DCE200A33FF9 /* Project object */;
}
